
Microsoft Visual Studio Solution File, Format Version 12.00
# Visual Studio 15
VisualStudioVersion = 15.0.28307.757
MinimumVisualStudioVersion = 10.0.40219.1
Project("{F184B08F-C81C-45F6-A57F-5ABD9991F28F}") = "ExcitechDOCS.Revision", "ExcitechDOCS.Revision\ExcitechDOCS.Revision.vbproj", "{6FB0091A-3C45-42B8-8182-B5B2018F52D5}"
EndProject
Project("{F184B08F-C81C-45F6-A57F-5ABD9991F28F}") = "ExcitechDOCS.Revision.Client", "WebApplication1\ExcitechDOCS.Revision.Client.vbproj", "{ABF5E646-9DF1-4147-98B0-51B67151737A}"
EndProject
Project("{930C7802-8A8C-48F9-8165-68863BCCD9DD}") = "SetupProject1", "SetupProject1\SetupProject1.wixproj", "{CFC54404-5CD9-4981-995B-AA802D93DDDB}"
EndProject
Project("{F184B08F-C81C-45F6-A57F-5ABD9991F28F}") = "CustomAction", "WixCustomSetupActions\CustomAction.vbproj", "{C536DDF7-31B9-45AC-864B-C9E890FC9E94}"
EndProject
Global
	GlobalSection(SolutionConfigurationPlatforms) = preSolution
		Debug|Any CPU = Debug|Any CPU
		Debug|x86 = Debug|x86
		Release|Any CPU = Release|Any CPU
		Release|x86 = Release|x86
	EndGlobalSection
	GlobalSection(ProjectConfigurationPlatforms) = postSolution
		{6FB0091A-3C45-42B8-8182-B5B2018F52D5}.Debug|Any CPU.ActiveCfg = Debug|Any CPU
		{6FB0091A-3C45-42B8-8182-B5B2018F52D5}.Debug|Any CPU.Build.0 = Debug|Any CPU
		{6FB0091A-3C45-42B8-8182-B5B2018F52D5}.Debug|x86.ActiveCfg = Debug|Any CPU
		{6FB0091A-3C45-42B8-8182-B5B2018F52D5}.Debug|x86.Build.0 = Debug|Any CPU
		{6FB0091A-3C45-42B8-8182-B5B2018F52D5}.Release|Any CPU.ActiveCfg = Release|Any CPU
		{6FB0091A-3C45-42B8-8182-B5B2018F52D5}.Release|Any CPU.Build.0 = Release|Any CPU
		{6FB0091A-3C45-42B8-8182-B5B2018F52D5}.Release|x86.ActiveCfg = Release|Any CPU
		{6FB0091A-3C45-42B8-8182-B5B2018F52D5}.Release|x86.Build.0 = Release|Any CPU
		{ABF5E646-9DF1-4147-98B0-51B67151737A}.Debug|Any CPU.ActiveCfg = Debug|Any CPU
		{ABF5E646-9DF1-4147-98B0-51B67151737A}.Debug|Any CPU.Build.0 = Debug|Any CPU
		{ABF5E646-9DF1-4147-98B0-51B67151737A}.Debug|x86.ActiveCfg = Debug|Any CPU
		{ABF5E646-9DF1-4147-98B0-51B67151737A}.Debug|x86.Build.0 = Debug|Any CPU
		{ABF5E646-9DF1-4147-98B0-51B67151737A}.Release|Any CPU.ActiveCfg = Release|Any CPU
		{ABF5E646-9DF1-4147-98B0-51B67151737A}.Release|Any CPU.Build.0 = Release|Any CPU
		{ABF5E646-9DF1-4147-98B0-51B67151737A}.Release|x86.ActiveCfg = Release|Any CPU
		{ABF5E646-9DF1-4147-98B0-51B67151737A}.Release|x86.Build.0 = Release|Any CPU
		{CFC54404-5CD9-4981-995B-AA802D93DDDB}.Debug|Any CPU.ActiveCfg = Debug|x86
		{CFC54404-5CD9-4981-995B-AA802D93DDDB}.Debug|x86.ActiveCfg = Debug|x86
		{CFC54404-5CD9-4981-995B-AA802D93DDDB}.Debug|x86.Build.0 = Debug|x86
		{CFC54404-5CD9-4981-995B-AA802D93DDDB}.Release|Any CPU.ActiveCfg = Release|x86
		{CFC54404-5CD9-4981-995B-AA802D93DDDB}.Release|x86.ActiveCfg = Release|x86
		{CFC54404-5CD9-4981-995B-AA802D93DDDB}.Release|x86.Build.0 = Release|x86
		{C536DDF7-31B9-45AC-864B-C9E890FC9E94}.Debug|Any CPU.ActiveCfg = Debug|x86
		{C536DDF7-31B9-45AC-864B-C9E890FC9E94}.Debug|x86.ActiveCfg = Debug|x86
		{C536DDF7-31B9-45AC-864B-C9E890FC9E94}.Debug|x86.Build.0 = Debug|x86
		{C536DDF7-31B9-45AC-864B-C9E890FC9E94}.Release|Any CPU.ActiveCfg = Release|x86
		{C536DDF7-31B9-45AC-864B-C9E890FC9E94}.Release|x86.ActiveCfg = Release|x86
		{C536DDF7-31B9-45AC-864B-C9E890FC9E94}.Release|x86.Build.0 = Release|x86
	EndGlobalSection
	GlobalSection(SolutionProperties) = preSolution
		HideSolutionNode = FALSE
	EndGlobalSection
	GlobalSection(ExtensibilityGlobals) = postSolution
		SolutionGuid = {4E0A8144-8E92-4532-A1D2-D6D1060C4755}
	EndGlobalSection
EndGlobal
